DEPENDENCIES
  chef-dk
  chef-solo-search
  diptables
    path: .
    metadata: true
  diptables_tests
    path: test/cookbooks/diptables_tests

GRAPH
  chef-dk (3.0.0)
    dmg (~> 2.2)
  chef-solo-search (0.5.1)
  chef_handler (1.1.6)
  diptables (1.0.0)
    chef_handler (>= 0.0.0)
  diptables_tests (0.1.0)
    diptables (>= 0.0.0)
  dmg (2.2.2)
